
Microsoft Visual Studio Solution File, Format Version 12.00
# Visual Studio Version 16
VisualStudioVersion = 16.0.30907.101
MinimumVisualStudioVersion = 10.0.40219.1
Project("{FAE04EC0-301F-11D3-BF4B-00C04F79EFBC}") = "SeaBattle", "SeaBattle\SeaBattle.csproj", "{68A1AD89-7DC6-4D98-ADA1-F00EA4A3E7FF}"
EndProject
Global
	GlobalSection(SolutionConfigurationPlatforms) = preSolution
		Debug|Any CPU = Debug|Any CPU
		Release|Any CPU = Release|Any CPU
	EndGlobalSection
	GlobalSection(ProjectConfigurationPlatforms) = postSolution
		{68A1AD89-7DC6-4D98-ADA1-F00EA4A3E7FF}.Debug|Any CPU.ActiveCfg = Debug|Any CPU
		{68A1AD89-7DC6-4D98-ADA1-F00EA4A3E7FF}.Debug|Any CPU.Build.0 = Debug|Any CPU
		{68A1AD89-7DC6-4D98-ADA1-F00EA4A3E7FF}.Release|Any CPU.ActiveCfg = Release|Any CPU
		{68A1AD89-7DC6-4D98-ADA1-F00EA4A3E7FF}.Release|Any CPU.Build.0 = Release|Any CPU
	EndGlobalSection
	GlobalSection(SolutionProperties) = preSolution
		HideSolutionNode = FALSE
	EndGlobalSection
	GlobalSection(ExtensibilityGlobals) = postSolution
		SolutionGuid = {F75B6099-615F-4CA7-AA50-FB15C5AE162C}
	EndGlobalSection
EndGlobal
